
Microsoft Visual Studio Solution File, Format Version 12.00
# Visual Studio Version 17
VisualStudioVersion = 17.5.001.0
MinimumVisualStudioVersion = 10.0.40219.1
Project("{9A19103F-16F7-4668-BE54-9A1E7A4F7556}") = "exaple001_HelloConsole", "exaple001_HelloConsole.csproj", "{2B62250C-AE19-4F6A-8DAC-52E3AAF2CFDB}"
EndProject
Global
	GlobalSection(SolutionConfigurationPlatforms) = preSolution
		Debug|Any CPU = Debug|Any CPU
		Release|Any CPU = Release|Any CPU
	EndGlobalSection
	GlobalSection(ProjectConfigurationPlatforms) = postSolution
		{2B62250C-AE19-4F6A-8DAC-52E3AAF2CFDB}.Debug|Any CPU.ActiveCfg = Debug|Any CPU
		{2B62250C-AE19-4F6A-8DAC-52E3AAF2CFDB}.Debug|Any CPU.Build.0 = Debug|Any CPU
		{2B62250C-AE19-4F6A-8DAC-52E3AAF2CFDB}.Release|Any CPU.ActiveCfg = Release|Any CPU
		{2B62250C-AE19-4F6A-8DAC-52E3AAF2CFDB}.Release|Any CPU.Build.0 = Release|Any CPU
	EndGlobalSection
	GlobalSection(SolutionProperties) = preSolution
		HideSolutionNode = FALSE
	EndGlobalSection
	GlobalSection(ExtensibilityGlobals) = postSolution
		SolutionGuid = {300F99DE-A0A2-4BAA-9003-7148C4175937}
	EndGlobalSection
EndGlobal
